// !$*UTF8*$!
{
	archiveVersion = 1;
	classes = {
	};
	objectVersion = 50;
	objects = {

/* Begin PBXBuildFile section */
		7C5DC04E646A925384DC7B2D /* Pods_TempAppTests.framework in Frameworks */ = {isa = PBXBuildFile; fileRef = 7BFB41D104FDC975597005DE /* Pods_TempAppTests.framework */; };
		B62DFD942181C0AE002F70C1 /* AppDelegate.swift in Sources */ = {isa = PBXBuildFile; fileRef = B62DFD932181C0AE002F70C1 /* AppDelegate.swift */; };
		B62DFD962181C0AE002F70C1 /* ViewController.swift in Sources */ = {isa = PBXBuildFile; fileRef = B62DFD952181C0AE002F70C1 /* ViewController.swift */; };
		B62DFD992181C0AE002F70C1 /* Main.storyboard in Resources */ = {isa = PBXBuildFile; fileRef = B62DFD972181C0AE002F70C1 /* Main.storyboard */; };
		B62DFD9B2181C0AF002F70C1 /* Assets.xcassets in Resources */ = {isa = PBXBuildFile; fileRef = B62DFD9A2181C0AF002F70C1 /* Assets.xcassets */; };
		B62DFD9E2181C0AF002F70C1 /* LaunchScreen.storyboard in Resources */ = {isa = PBXBuildFile; fileRef = B62DFD9C2181C0AF002F70C1 /* LaunchScreen.storyboard */; };
		B62DFDA92181C0AF002F70C1 /* TempAppTests.swift in Sources */ = {isa = PBXBuildFile; fileRef = B62DFDA82181C0AF002F70C1 /* TempAppTests.swift */; };
		B62DFDB42181C0AF002F70C1 /* TempAppUITests.swift in Sources */ = {isa = PBXBuildFile; fileRef = B62DFDB32181C0AF002F70C1 /* TempAppUITests.swift */; };
		B62DFDC22181C0C6002F70C1 /* Network.swift in Sources */ = {isa = PBXBuildFile; fileRef = B62DFDC12181C0C6002F70C1 /* Network.swift */; };
		B62DFDC82181CDB8002F70C1 /* Constants.swift in Sources */ = {isa = PBXBuildFile; fileRef = B62DFDC72181CDB8002F70C1 /* Constants.swift */; };
		B62DFDCA2181CE4D002F70C1 /* Data.swift in Sources */ = {isa = PBXBuildFile; fileRef = B62DFDC92181CE4D002F70C1 /* Data.swift */; };
		B62DFDCD2181CE6C002F70C1 /* GraphView.swift in Sources */ = {isa = PBXBuildFile; fileRef = B62DFDCC2181CE6C002F70C1 /* GraphView.swift */; };
		B62DFDD22181E079002F70C1 /* Extension.swift in Sources */ = {isa = PBXBuildFile; fileRef = B62DFDD12181E079002F70C1 /* Extension.swift */; };
		B62DFDD52181E07F002F70C1 /* UIFontExtension.swift in Sources */ = {isa = PBXBuildFile; fileRef = B62DFDD32181E07F002F70C1 /* UIFontExtension.swift */; };
		B62DFDD62181E07F002F70C1 /* UIColorExtension.swift in Sources */ = {isa = PBXBuildFile; fileRef = B62DFDD42181E07F002F70C1 /* UIColorExtension.swift */; };
		B647C38A2181EB5D000557A7 /* TImeButton.swift in Sources */ = {isa = PBXBuildFile; fileRef = B647C3892181EB5D000557A7 /* TImeButton.swift */; };
		B693B3F921824A5200181B3D /* GraphCollectionViewCell.swift in Sources */ = {isa = PBXBuildFile; fileRef = B693B3F821824A5200181B3D /* GraphCollectionViewCell.swift */; };
		B693B3FB21825DCB00181B3D /* InfoView.swift in Sources */ = {isa = PBXBuildFile; fileRef = B693B3FA21825DCB00181B3D /* InfoView.swift */; };
		B6D5BC2221A486CF003B210B /* GoogleService-Info.plist in Resources */ = {isa = PBXBuildFile; fileRef = B6D5BC2121A486CF003B210B /* GoogleService-Info.plist */; };
		CE3C645A425F46E87619022A /* Pods_TempApp.framework in Frameworks */ = {isa = PBXBuildFile; fileRef = CDEF41232CBEC901637062CB /* Pods_TempApp.framework */; };
		F26BDF92512A4B1143C44A50 /* Pods_TempAppUITests.framework in Frameworks */ = {isa = PBXBuildFile; fileRef = B06EF1FB827E5E1101F8100C /* Pods_TempAppUITests.framework */; };
/* End PBXBuildFile section */

/* Begin PBXContainerItemProxy section */
		B62DFDA52181C0AF002F70C1 /* PBXContainerItemProxy */ = {
			isa = PBXContainerItemProxy;
			containerPortal = B62DFD882181C0AE002F70C1 /* Project object */;
			proxyType = 1;
			remoteGlobalIDString = B62DFD8F2181C0AE002F70C1;
			remoteInfo = TempApp;
		};
		B62DFDB02181C0AF002F70C1 /* PBXContainerItemProxy */ = {
			isa = PBXContainerItemProxy;
			containerPortal = B62DFD882181C0AE002F70C1 /* Project object */;
			proxyType = 1;
			remoteGlobalIDString = B62DFD8F2181C0AE002F70C1;
			remoteInfo = TempApp;
		};
/* End PBXContainerItemProxy section */

/* Begin PBXFileReference section */
		29ACF9F060AF524F13B34ABE /* Pods-TempAppTests.release.xcconfig */ = {isa = PBXFileReference; includeInIndex = 1; lastKnownFileType = text.xcconfig; name = "Pods-TempAppTests.release.xcconfig"; path = "Pods/Target Support Files/Pods-TempAppTests/Pods-TempAppTests.release.xcconfig"; sourceTree = "<group>"; };
		2DC852F66EFD1912B44AE3CD /* Pods-TempAppUITests.debug.xcconfig */ = {isa = PBXFileReference; includeInIndex = 1; lastKnownFileType = text.xcconfig; name = "Pods-TempAppUITests.debug.xcconfig"; path = "Pods/Target Support Files/Pods-TempAppUITests/Pods-TempAppUITests.debug.xcconfig"; sourceTree = "<group>"; };
		319C992A8D92823409C952C2 /* Pods-TempApp.release.xcconfig */ = {isa = PBXFileReference; includeInIndex = 1; lastKnownFileType = text.xcconfig; name = "Pods-TempApp.release.xcconfig"; path = "Pods/Target Support Files/Pods-TempApp/Pods-TempApp.release.xcconfig"; sourceTree = "<group>"; };
		605C6979898A26A84F3A2DA8 /* Pods-TempAppTests.debug.xcconfig */ = {isa = PBXFileReference; includeInIndex = 1; lastKnownFileType = text.xcconfig; name = "Pods-TempAppTests.debug.xcconfig"; path = "Pods/Target Support Files/Pods-TempAppTests/Pods-TempAppTests.debug.xcconfig"; sourceTree = "<group>"; };
		7BFB41D104FDC975597005DE /* Pods_TempAppTests.framework */ = {isa = PBXFileReference; explicitFileType = wrapper.framework; includeInIndex = 0; path = Pods_TempAppTests.framework; sourceTree = BUILT_PRODUCTS_DIR; };
		A06CD61BBBDEA397D9383EC8 /* Pods-TempAppUITests.release.xcconfig */ = {isa = PBXFileReference; includeInIndex = 1; lastKnownFileType = text.xcconfig; name = "Pods-TempAppUITests.release.xcconfig"; path = "Pods/Target Support Files/Pods-TempAppUITests/Pods-TempAppUITests.release.xcconfig"; sourceTree = "<group>"; };
		A13B6ACFBE4BD1E281454D74 /* Pods-TempApp.debug.xcconfig */ = {isa = PBXFileReference; includeInIndex = 1; lastKnownFileType = text.xcconfig; name = "Pods-TempApp.debug.xcconfig"; path = "Pods/Target Support Files/Pods-TempApp/Pods-TempApp.debug.xcconfig"; sourceTree = "<group>"; };
		B06EF1FB827E5E1101F8100C /* Pods_TempAppUITests.framework */ = {isa = PBXFileReference; explicitFileType = wrapper.framework; includeInIndex = 0; path = Pods_TempAppUITests.framework; sourceTree = BUILT_PRODUCTS_DIR; };
		B62DFD902181C0AE002F70C1 /* TempApp.app */ = {isa = PBXFileReference; explicitFileType = wrapper.application; includeInIndex = 0; path = TempApp.app; sourceTree = BUILT_PRODUCTS_DIR; };
		B62DFD932181C0AE002F70C1 /* AppDelegate.swift */ = {isa = PBXFileReference; lastKnownFileType = sourcecode.swift; path = AppDelegate.swift; sourceTree = "<group>"; };
		B62DFD952181C0AE002F70C1 /* ViewController.swift */ = {isa = PBXFileReference; lastKnownFileType = sourcecode.swift; path = ViewController.swift; sourceTree = "<group>"; };
		B62DFD982181C0AE002F70C1 /* Base */ = {isa = PBXFileReference; lastKnownFileType = file.storyboard; name = Base; path = Base.lproj/Main.storyboard; sourceTree = "<group>"; };
		B62DFD9A2181C0AF002F70C1 /* Assets.xcassets */ = {isa = PBXFileReference; lastKnownFileType = folder.assetcatalog; path = Assets.xcassets; sourceTree = "<group>"; };
		B62DFD9D2181C0AF002F70C1 /* Base */ = {isa = PBXFileReference; lastKnownFileType = file.storyboard; name = Base; path = Base.lproj/LaunchScreen.storyboard; sourceTree = "<group>"; };
		B62DFD9F2181C0AF002F70C1 /* Info.plist */ = {isa = PBXFileReference; lastKnownFileType = text.plist.xml; path = Info.plist; sourceTree = "<group>"; };
		B62DFDA42181C0AF002F70C1 /* TempAppTests.xctest */ = {isa = PBXFileReference; explicitFileType = wrapper.cfbundle; includeInIndex = 0; path = TempAppTests.xctest; sourceTree = BUILT_PRODUCTS_DIR; };
		B62DFDA82181C0AF002F70C1 /* TempAppTests.swift */ = {isa = PBXFileReference; lastKnownFileType = sourcecode.swift; path = TempAppTests.swift; sourceTree = "<group>"; };
		B62DFDAA2181C0AF002F70C1 /* Info.plist */ = {isa = PBXFileReference; lastKnownFileType = text.plist.xml; path = Info.plist; sourceTree = "<group>"; };
		B62DFDAF2181C0AF002F70C1 /* TempAppUITests.xctest */ = {isa = PBXFileReference; explicitFileType = wrapper.cfbundle; includeInIndex = 0; path = TempAppUITests.xctest; sourceTree = BUILT_PRODUCTS_DIR; };
		B62DFDB32181C0AF002F70C1 /* TempAppUITests.swift */ = {isa = PBXFileReference; lastKnownFileType = sourcecode.swift; path = TempAppUITests.swift; sourceTree = "<group>"; };
		B62DFDB52181C0AF002F70C1 /* Info.plist */ = {isa = PBXFileReference; lastKnownFileType = text.plist.xml; path = Info.plist; sourceTree = "<group>"; };
		B62DFDC12181C0C6002F70C1 /* Network.swift */ = {isa = PBXFileReference; lastKnownFileType = sourcecode.swift; path = Network.swift; sourceTree = "<group>"; };
		B62DFDC72181CDB8002F70C1 /* Constants.swift */ = {isa = PBXFileReference; lastKnownFileType = sourcecode.swift; path = Constants.swift; sourceTree = "<group>"; };
		B62DFDC92181CE4D002F70C1 /* Data.swift */ = {isa = PBXFileReference; lastKnownFileType = sourcecode.swift; path = Data.swift; sourceTree = "<group>"; };
		B62DFDCC2181CE6C002F70C1 /* GraphView.swift */ = {isa = PBXFileReference; lastKnownFileType = sourcecode.swift; path = GraphView.swift; sourceTree = "<group>"; };
		B62DFDD12181E079002F70C1 /* Extension.swift */ = {isa = PBXFileReference; fileEncoding = 4; lastKnownFileType = sourcecode.swift; path = Extension.swift; sourceTree = "<group>"; };
		B62DFDD32181E07F002F70C1 /* UIFontExtension.swift */ = {isa = PBXFileReference; fileEncoding = 4; lastKnownFileType = sourcecode.swift; path = UIFontExtension.swift; sourceTree = "<group>"; };
		B62DFDD42181E07F002F70C1 /* UIColorExtension.swift */ = {isa = PBXFileReference; fileEncoding = 4; lastKnownFileType = sourcecode.swift; path = UIColorExtension.swift; sourceTree = "<group>"; };
		B647C3882181E96D000557A7 /* TempApp.entitlements */ = {isa = PBXFileReference; lastKnownFileType = text.plist.entitlements; path = TempApp.entitlements; sourceTree = "<group>"; };
		B647C3892181EB5D000557A7 /* TImeButton.swift */ = {isa = PBXFileReference; lastKnownFileType = sourcecode.swift; path = TImeButton.swift; sourceTree = "<group>"; };
		B693B3F821824A5200181B3D /* GraphCollectionViewCell.swift */ = {isa = PBXFileReference; lastKnownFileType = sourcecode.swift; path = GraphCollectionViewCell.swift; sourceTree = "<group>"; };
		B693B3FA21825DCB00181B3D /* InfoView.swift */ = {isa = PBXFileReference; lastKnownFileType = sourcecode.swift; path = InfoView.swift; sourceTree = "<group>"; };
		B6D5BC2121A486CF003B210B /* GoogleService-Info.plist */ = {isa = PBXFileReference; fileEncoding = 4; lastKnownFileType = text.plist.xml; path = "GoogleService-Info.plist"; sourceTree = "<group>"; };
		CDEF41232CBEC901637062CB /* Pods_TempApp.framework */ = {isa = PBXFileReference; explicitFileType = wrapper.framework; includeInIndex = 0; path = Pods_TempApp.framework; sourceTree = BUILT_PRODUCTS_DIR; };
/* End PBXFileReference section */

/* Begin PBXFrameworksBuildPhase section */
		B62DFD8D2181C0AE002F70C1 /* Frameworks */ = {
			isa = PBXFrameworksBuildPhase;
			buildActionMask = 2147483647;
			files = (
				CE3C645A425F46E87619022A /* Pods_TempApp.framework in Frameworks */,
			);
			runOnlyForDeploymentPostprocessing = 0;
		};
		B62DFDA12181C0AF002F70C1 /* Frameworks */ = {
			isa = PBXFrameworksBuildPhase;
			buildActionMask = 2147483647;
			files = (
				7C5DC04E646A925384DC7B2D /* Pods_TempAppTests.framework in Frameworks */,
			);
			runOnlyForDeploymentPostprocessing = 0;
		};
		B62DFDAC2181C0AF002F70C1 /* Frameworks */ = {
			isa = PBXFrameworksBuildPhase;
			buildActionMask = 2147483647;
			files = (
				F26BDF92512A4B1143C44A50 /* Pods_TempAppUITests.framework in Frameworks */,
			);
			runOnlyForDeploymentPostprocessing = 0;
		};
/* End PBXFrameworksBuildPhase section */

/* Begin PBXGroup section */
		5B10CD1C561D3F3C6A0F115B /* Frameworks */ = {
			isa = PBXGroup;
			children = (
				CDEF41232CBEC901637062CB /* Pods_TempApp.framework */,
				7BFB41D104FDC975597005DE /* Pods_TempAppTests.framework */,
				B06EF1FB827E5E1101F8100C /* Pods_TempAppUITests.framework */,
			);
			name = Frameworks;
			sourceTree = "<group>";
		};
		B62DFD872181C0AE002F70C1 = {
			isa = PBXGroup;
			children = (
				B62DFD922181C0AE002F70C1 /* TempApp */,
				B62DFDA72181C0AF002F70C1 /* TempAppTests */,
				B62DFDB22181C0AF002F70C1 /* TempAppUITests */,
				B62DFD912181C0AE002F70C1 /* Products */,
				EBEF3C87E579B94DF65EF22C /* Pods */,
				5B10CD1C561D3F3C6A0F115B /* Frameworks */,
			);
			sourceTree = "<group>";
		};
		B62DFD912181C0AE002F70C1 /* Products */ = {
			isa = PBXGroup;
			children = (
				B62DFD902181C0AE002F70C1 /* TempApp.app */,
				B62DFDA42181C0AF002F70C1 /* TempAppTests.xctest */,
				B62DFDAF2181C0AF002F70C1 /* TempAppUITests.xctest */,
			);
			name = Products;
			sourceTree = "<group>";
		};
		B62DFD922181C0AE002F70C1 /* TempApp */ = {
			isa = PBXGroup;
			children = (
				B647C3882181E96D000557A7 /* TempApp.entitlements */,
				B62DFD9F2181C0AF002F70C1 /* Info.plist */,
				B6D5BC2121A486CF003B210B /* GoogleService-Info.plist */,
				B693B3F721824A2300181B3D /* Cells */,
				B62DFDD82181E0CB002F70C1 /* Controllers */,
				B62DFDCB2181CE50002F70C1 /* Model */,
				B62DFDD72181E0AB002F70C1 /* View */,
				B62DFDD02181E05A002F70C1 /* Extension */,
				B62DFD972181C0AE002F70C1 /* Main.storyboard */,
				B62DFD9A2181C0AF002F70C1 /* Assets.xcassets */,
				B62DFD9C2181C0AF002F70C1 /* LaunchScreen.storyboard */,
			);
			path = TempApp;
			sourceTree = "<group>";
		};
		B62DFDA72181C0AF002F70C1 /* TempAppTests */ = {
			isa = PBXGroup;
			children = (
				B62DFDA82181C0AF002F70C1 /* TempAppTests.swift */,
				B62DFDAA2181C0AF002F70C1 /* Info.plist */,
			);
			path = TempAppTests;
			sourceTree = "<group>";
		};
		B62DFDB22181C0AF002F70C1 /* TempAppUITests */ = {
			isa = PBXGroup;
			children = (
				B62DFDB32181C0AF002F70C1 /* TempAppUITests.swift */,
				B62DFDB52181C0AF002F70C1 /* Info.plist */,
			);
			path = TempAppUITests;
			sourceTree = "<group>";
		};
		B62DFDCB2181CE50002F70C1 /* Model */ = {
			isa = PBXGroup;
			children = (
				B62DFDC12181C0C6002F70C1 /* Network.swift */,
				B62DFDC92181CE4D002F70C1 /* Data.swift */,
			);
			path = Model;
			sourceTree = "<group>";
		};
		B62DFDD02181E05A002F70C1 /* Extension */ = {
			isa = PBXGroup;
			children = (
				B62DFDC72181CDB8002F70C1 /* Constants.swift */,
				B62DFDD12181E079002F70C1 /* Extension.swift */,
				B62DFDD42181E07F002F70C1 /* UIColorExtension.swift */,
				B62DFDD32181E07F002F70C1 /* UIFontExtension.swift */,
			);
			path = Extension;
			sourceTree = "<group>";
		};
		B62DFDD72181E0AB002F70C1 /* View */ = {
			isa = PBXGroup;
			children = (
				B62DFDCC2181CE6C002F70C1 /* GraphView.swift */,
				B647C3892181EB5D000557A7 /* TImeButton.swift */,
				B693B3FA21825DCB00181B3D /* InfoView.swift */,
			);
			path = View;
			sourceTree = "<group>";
		};
		B62DFDD82181E0CB002F70C1 /* Controllers */ = {
			isa = PBXGroup;
			children = (
				B62DFD952181C0AE002F70C1 /* ViewController.swift */,
				B62DFD932181C0AE002F70C1 /* AppDelegate.swift */,
			);
			path = Controllers;
			sourceTree = "<group>";
		};
		B693B3F721824A2300181B3D /* Cells */ = {
			isa = PBXGroup;
			children = (
				B693B3F821824A5200181B3D /* GraphCollectionViewCell.swift */,
			);
			path = Cells;
			sourceTree = "<group>";
		};
		EBEF3C87E579B94DF65EF22C /* Pods */ = {
			isa = PBXGroup;
			children = (
				A13B6ACFBE4BD1E281454D74 /* Pods-TempApp.debug.xcconfig */,
				319C992A8D92823409C952C2 /* Pods-TempApp.release.xcconfig */,
				605C6979898A26A84F3A2DA8 /* Pods-TempAppTests.debug.xcconfig */,
				29ACF9F060AF524F13B34ABE /* Pods-TempAppTests.release.xcconfig */,
				2DC852F66EFD1912B44AE3CD /* Pods-TempAppUITests.debug.xcconfig */,
				A06CD61BBBDEA397D9383EC8 /* Pods-TempAppUITests.release.xcconfig */,
			);
			name = Pods;
			sourceTree = "<group>";
		};
/* End PBXGroup section */

/* Begin PBXNativeTarget section */
		B62DFD8F2181C0AE002F70C1 /* TempApp */ = {
			isa = PBXNativeTarget;
			buildConfigurationList = B62DFDB82181C0AF002F70C1 /* Build configuration list for PBXNativeTarget "TempApp" */;
			buildPhases = (
				48F24ECBF2833D83D97D5DD9 /* [CP] Check Pods Manifest.lock */,
				B62DFD8C2181C0AE002F70C1 /* Sources */,
				B62DFD8D2181C0AE002F70C1 /* Frameworks */,
				B62DFD8E2181C0AE002F70C1 /* Resources */,
				75B2464FDF763312E35A2798 /* [CP] Embed Pods Frameworks */,
			);
			buildRules = (
			);
			dependencies = (
			);
			name = TempApp;
			productName = TempApp;
			productReference = B62DFD902181C0AE002F70C1 /* TempApp.app */;
			productType = "com.apple.product-type.application";
		};
		B62DFDA32181C0AF002F70C1 /* TempAppTests */ = {
			isa = PBXNativeTarget;
			buildConfigurationList = B62DFDBB2181C0AF002F70C1 /* Build configuration list for PBXNativeTarget "TempAppTests" */;
			buildPhases = (
				3D5E7606F67C8514726058A5 /* [CP] Check Pods Manifest.lock */,
				B62DFDA02181C0AF002F70C1 /* Sources */,
				B62DFDA12181C0AF002F70C1 /* Frameworks */,
				B62DFDA22181C0AF002F70C1 /* Resources */,
			);
			buildRules = (
			);
			dependencies = (
				B62DFDA62181C0AF002F70C1 /* PBXTargetDependency */,
			);
			name = TempAppTests;
			productName = TempAppTests;
			productReference = B62DFDA42181C0AF002F70C1 /* TempAppTests.xctest */;
			productType = "com.apple.product-type.bundle.unit-test";
		};
		B62DFDAE2181C0AF002F70C1 /* TempAppUITests */ = {
			isa = PBXNativeTarget;
			buildConfigurationList = B62DFDBE2181C0AF002F70C1 /* Build configuration list for PBXNativeTarget "TempAppUITests" */;
			buildPhases = (
				6CF19336F6302AE534949CA3 /* [CP] Check Pods Manifest.lock */,
				B62DFDAB2181C0AF002F70C1 /* Sources */,
				B62DFDAC2181C0AF002F70C1 /* Frameworks */,
				B62DFDAD2181C0AF002F70C1 /* Resources */,
			);
			buildRules = (
			);
			dependencies = (
				B62DFDB12181C0AF002F70C1 /* PBXTargetDependency */,
			);
			name = TempAppUITests;
			productName = TempAppUITests;
			productReference = B62DFDAF2181C0AF002F70C1 /* TempAppUITests.xctest */;
			productType = "com.apple.product-type.bundle.ui-testing";
		};
/* End PBXNativeTarget section */

/* Begin PBXProject section */
		B62DFD882181C0AE002F70C1 /* Project object */ = {
			isa = PBXProject;
			attributes = {
				LastSwiftUpdateCheck = 1000;
				LastUpgradeCheck = 1000;
				ORGANIZATIONNAME = "Akezhan Mussa";
				TargetAttributes = {
					B62DFD8F2181C0AE002F70C1 = {
						CreatedOnToolsVersion = 10.0;
						SystemCapabilities = {
							com.apple.ApplicationGroups.iOS = {
								enabled = 0;
							};
						};
					};
					B62DFDA32181C0AF002F70C1 = {
						CreatedOnToolsVersion = 10.0;
						TestTargetID = B62DFD8F2181C0AE002F70C1;
					};
					B62DFDAE2181C0AF002F70C1 = {
						CreatedOnToolsVersion = 10.0;
						TestTargetID = B62DFD8F2181C0AE002F70C1;
					};
				};
			};
			buildConfigurationList = B62DFD8B2181C0AE002F70C1 /* Build configuration list for PBXProject "TempApp" */;
			compatibilityVersion = "Xcode 9.3";
			developmentRegion = en;
			hasScannedForEncodings = 0;
			knownRegions = (
				en,
				Base,
			);
			mainGroup = B62DFD872181C0AE002F70C1;
			productRefGroup = B62DFD912181C0AE002F70C1 /* Products */;
			projectDirPath = "";
			projectRoot = "";
			targets = (
				B62DFD8F2181C0AE002F70C1 /* TempApp */,
				B62DFDA32181C0AF002F70C1 /* TempAppTests */,
				B62DFDAE2181C0AF002F70C1 /* TempAppUITests */,
			);
		};
/* End PBXProject section */

/* Begin PBXResourcesBuildPhase section */
		B62DFD8E2181C0AE002F70C1 /* Resources */ = {
			isa = PBXResourcesBuildPhase;
			buildActionMask = 2147483647;
			files = (
				B6D5BC2221A486CF003B210B /* GoogleService-Info.plist in Resources */,
				B62DFD9E2181C0AF002F70C1 /* LaunchScreen.storyboard in Resources */,
				B62DFD9B2181C0AF002F70C1 /* Assets.xcassets in Resources */,
				B62DFD992181C0AE002F70C1 /* Main.storyboard in Resources */,
			);
			runOnlyForDeploymentPostprocessing = 0;
		};
		B62DFDA22181C0AF002F70C1 /* Resources */ = {
			isa = PBXResourcesBuildPhase;
			buildActionMask = 2147483647;
			files = (
			);
			runOnlyForDeploymentPostprocessing = 0;
		};
		B62DFDAD2181C0AF002F70C1 /* Resources */ = {
			isa = PBXResourcesBuildPhase;
			buildActionMask = 2147483647;
			files = (
			);
			runOnlyForDeploymentPostprocessing = 0;
		};
/* End PBXResourcesBuildPhase section */

/* Begin PBXShellScriptBuildPhase section */
		3D5E7606F67C8514726058A5 /* [CP] Check Pods Manifest.lock */ = {
			isa = PBXShellScriptBuildPhase;
			buildActionMask = 2147483647;
			files = (
			);
			inputPaths = (
				"${PODS_PODFILE_DIR_PATH}/Podfile.lock",
				"${PODS_ROOT}/Manifest.lock",
			);
			name = "[CP] Check Pods Manifest.lock";
			outputPaths = (
				"$(DERIVED_FILE_DIR)/Pods-TempAppTests-checkManifestLockResult.txt",
			);
			runOnlyForDeploymentPostprocessing = 0;
			shellPath = /bin/sh;
			shellScript = "diff \"${PODS_PODFILE_DIR_PATH}/Podfile.lock\" \"${PODS_ROOT}/Manifest.lock\" > /dev/null\nif [ $? != 0 ] ; then\n    # print error to STDERR\n    echo \"error: The sandbox is not in sync with the Podfile.lock. Run 'pod install' or update your CocoaPods installation.\" >&2\n    exit 1\nfi\n# This output is used by Xcode 'outputs' to avoid re-running this script phase.\necho \"SUCCESS\" > \"${SCRIPT_OUTPUT_FILE_0}\"\n";
			showEnvVarsInLog = 0;
		};
		48F24ECBF2833D83D97D5DD9 /* [CP] Check Pods Manifest.lock */ = {
			isa = PBXShellScriptBuildPhase;
			buildActionMask = 2147483647;
			files = (
			);
			inputPaths = (
				"${PODS_PODFILE_DIR_PATH}/Podfile.lock",
				"${PODS_ROOT}/Manifest.lock",
			);
			name = "[CP] Check Pods Manifest.lock";
			outputPaths = (
				"$(DERIVED_FILE_DIR)/Pods-TempApp-checkManifestLockResult.txt",
			);
			runOnlyForDeploymentPostprocessing = 0;
			shellPath = /bin/sh;
			shellScript = "diff \"${PODS_PODFILE_DIR_PATH}/Podfile.lock\" \"${PODS_ROOT}/Manifest.lock\" > /dev/null\nif [ $? != 0 ] ; then\n    # print error to STDERR\n    echo \"error: The sandbox is not in sync with the Podfile.lock. Run 'pod install' or update your CocoaPods installation.\" >&2\n    exit 1\nfi\n# This output is used by Xcode 'outputs' to avoid re-running this script phase.\necho \"SUCCESS\" > \"${SCRIPT_OUTPUT_FILE_0}\"\n";
			showEnvVarsInLog = 0;
		};
		6CF19336F6302AE534949CA3 /* [CP] Check Pods Manifest.lock */ = {
			isa = PBXShellScriptBuildPhase;
			buildActionMask = 2147483647;
			files = (
			);
			inputPaths = (
				"${PODS_PODFILE_DIR_PATH}/Podfile.lock",
				"${PODS_ROOT}/Manifest.lock",
			);
			name = "[CP] Check Pods Manifest.lock";
			outputPaths = (
				"$(DERIVED_FILE_DIR)/Pods-TempAppUITests-checkManifestLockResult.txt",
			);
			runOnlyForDeploymentPostprocessing = 0;
			shellPath = /bin/sh;
			shellScript = "diff \"${PODS_PODFILE_DIR_PATH}/Podfile.lock\" \"${PODS_ROOT}/Manifest.lock\" > /dev/null\nif [ $? != 0 ] ; then\n    # print error to STDERR\n    echo \"error: The sandbox is not in sync with the Podfile.lock. Run 'pod install' or update your CocoaPods installation.\" >&2\n    exit 1\nfi\n# This output is used by Xcode 'outputs' to avoid re-running this script phase.\necho \"SUCCESS\" > \"${SCRIPT_OUTPUT_FILE_0}\"\n";
			showEnvVarsInLog = 0;
		};
		75B2464FDF763312E35A2798 /* [CP] Embed Pods Frameworks */ = {
			isa = PBXShellScriptBuildPhase;
			buildActionMask = 2147483647;
			files = (
			);
			inputPaths = (
				"${SRCROOT}/Pods/Target Support Files/Pods-TempApp/Pods-TempApp-frameworks.sh",
				"${BUILT_PRODUCTS_DIR}/Alamofire/Alamofire.framework",
				"${BUILT_PRODUCTS_DIR}/Charts/Charts.framework",
				"${BUILT_PRODUCTS_DIR}/EasyPeasy/EasyPeasy.framework",
				"${BUILT_PRODUCTS_DIR}/GoogleUtilities/GoogleUtilities.framework",
				"${BUILT_PRODUCTS_DIR}/leveldb-library/leveldb.framework",
				"${BUILT_PRODUCTS_DIR}/nanopb/nanopb.framework",
			);
			name = "[CP] Embed Pods Frameworks";
			outputPaths = (
				"${TARGET_BUILD_DIR}/${FRAMEWORKS_FOLDER_PATH}/Alamofire.framework",
				"${TARGET_BUILD_DIR}/${FRAMEWORKS_FOLDER_PATH}/Charts.framework",
				"${TARGET_BUILD_DIR}/${FRAMEWORKS_FOLDER_PATH}/EasyPeasy.framework",
				"${TARGET_BUILD_DIR}/${FRAMEWORKS_FOLDER_PATH}/GoogleUtilities.framework",
				"${TARGET_BUILD_DIR}/${FRAMEWORKS_FOLDER_PATH}/leveldb.framework",
				"${TARGET_BUILD_DIR}/${FRAMEWORKS_FOLDER_PATH}/nanopb.framework",
			);
			runOnlyForDeploymentPostprocessing = 0;
			shellPath = /bin/sh;
			shellScript = "\"${SRCROOT}/Pods/Target Support Files/Pods-TempApp/Pods-TempApp-frameworks.sh\"\n";
			showEnvVarsInLog = 0;
		};
/* End PBXShellScriptBuildPhase section */

/* Begin PBXSourcesBuildPhase section */
		B62DFD8C2181C0AE002F70C1 /* Sources */ = {
			isa = PBXSourcesBuildPhase;
			buildActionMask = 2147483647;
			files = (
				B62DFDCA2181CE4D002F70C1 /* Data.swift in Sources */,
				B62DFD962181C0AE002F70C1 /* ViewController.swift in Sources */,
				B647C38A2181EB5D000557A7 /* TImeButton.swift in Sources */,
				B62DFDD52181E07F002F70C1 /* UIFontExtension.swift in Sources */,
				B693B3FB21825DCB00181B3D /* InfoView.swift in Sources */,
				B62DFDD22181E079002F70C1 /* Extension.swift in Sources */,
				B62DFDCD2181CE6C002F70C1 /* GraphView.swift in Sources */,
				B62DFDD62181E07F002F70C1 /* UIColorExtension.swift in Sources */,
				B693B3F921824A5200181B3D /* GraphCollectionViewCell.swift in Sources */,
				B62DFD942181C0AE002F70C1 /* AppDelegate.swift in Sources */,
				B62DFDC22181C0C6002F70C1 /* Network.swift in Sources */,
				B62DFDC82181CDB8002F70C1 /* Constants.swift in Sources */,
			);
			runOnlyForDeploymentPostprocessing = 0;
		};
		B62DFDA02181C0AF002F70C1 /* Sources */ = {
			isa = PBXSourcesBuildPhase;
			buildActionMask = 2147483647;
			files = (
				B62DFDA92181C0AF002F70C1 /* TempAppTests.swift in Sources */,
			);
			runOnlyForDeploymentPostprocessing = 0;
		};
		B62DFDAB2181C0AF002F70C1 /* Sources */ = {
			isa = PBXSourcesBuildPhase;
			buildActionMask = 2147483647;
			files = (
				B62DFDB42181C0AF002F70C1 /* TempAppUITests.swift in Sources */,
			);
			runOnlyForDeploymentPostprocessing = 0;
		};
/* End PBXSourcesBuildPhase section */

/* Begin PBXTargetDependency section */
		B62DFDA62181C0AF002F70C1 /* PBXTargetDependency */ = {
			isa = PBXTargetDependency;
			target = B62DFD8F2181C0AE002F70C1 /* TempApp */;
			targetProxy = B62DFDA52181C0AF002F70C1 /* PBXContainerItemProxy */;
		};
		B62DFDB12181C0AF002F70C1 /* PBXTargetDependency */ = {
			isa = PBXTargetDependency;
			target = B62DFD8F2181C0AE002F70C1 /* TempApp */;
			targetProxy = B62DFDB02181C0AF002F70C1 /* PBXContainerItemProxy */;
		};
/* End PBXTargetDependency section */

/* Begin PBXVariantGroup section */
		B62DFD972181C0AE002F70C1 /* Main.storyboard */ = {
			isa = PBXVariantGroup;
			children = (
				B62DFD982181C0AE002F70C1 /* Base */,
			);
			name = Main.storyboard;
			sourceTree = "<group>";
		};
		B62DFD9C2181C0AF002F70C1 /* LaunchScreen.storyboard */ = {
			isa = PBXVariantGroup;
			children = (
				B62DFD9D2181C0AF002F70C1 /* Base */,
			);
			name = LaunchScreen.storyboard;
			sourceTree = "<group>";
		};
/* End PBXVariantGroup section */

/* Begin XCBuildConfiguration section */
		B62DFDB62181C0AF002F70C1 /* Debug */ = {
			isa = XCBuildConfiguration;
			buildSettings = {
				ALWAYS_SEARCH_USER_PATHS = NO;
				CLANG_ANALYZER_NONNULL = YES;
				CLANG_ANALYZER_NUMBER_OBJECT_CONVERSION = YES_AGGRESSIVE;
				CLANG_CXX_LANGUAGE_STANDARD = "gnu++14";
				CLANG_CXX_LIBRARY = "libc++";
				CLANG_ENABLE_MODULES = YES;
				CLANG_ENABLE_OBJC_ARC = YES;
				CLANG_ENABLE_OBJC_WEAK = YES;
				CLANG_WARN_BLOCK_CAPTURE_AUTORELEASING = YES;
				CLANG_WARN_BOOL_CONVERSION = YES;
				CLANG_WARN_COMMA = YES;
				CLANG_WARN_CONSTANT_CONVERSION = YES;
				CLANG_WARN_DEPRECATED_OBJC_IMPLEMENTATIONS = YES;
				CLANG_WARN_DIRECT_OBJC_ISA_USAGE = YES_ERROR;
				CLANG_WARN_DOCUMENTATION_COMMENTS = YES;
				CLANG_WARN_EMPTY_BODY = YES;
				CLANG_WARN_ENUM_CONVERSION = YES;
				CLANG_WARN_INFINITE_RECURSION = YES;
				CLANG_WARN_INT_CONVERSION = YES;
				CLANG_WARN_NON_LITERAL_NULL_CONVERSION = YES;
				CLANG_WARN_OBJC_IMPLICIT_RETAIN_SELF = YES;
				CLANG_WARN_OBJC_LITERAL_CONVERSION = YES;
				CLANG_WARN_OBJC_ROOT_CLASS = YES_ERROR;
				CLANG_WARN_RANGE_LOOP_ANALYSIS = YES;
				CLANG_WARN_STRICT_PROTOTYPES = YES;
				CLANG_WARN_SUSPICIOUS_MOVE = YES;
				CLANG_WARN_UNGUARDED_AVAILABILITY = YES_AGGRESSIVE;
				CLANG_WARN_UNREACHABLE_CODE = YES;
				CLANG_WARN__DUPLICATE_METHOD_MATCH = YES;
				CODE_SIGN_IDENTITY = "iPhone Developer";
				COPY_PHASE_STRIP = NO;
				DEBUG_INFORMATION_FORMAT = dwarf;
				ENABLE_STRICT_OBJC_MSGSEND = YES;
				ENABLE_TESTABILITY = YES;
				GCC_C_LANGUAGE_STANDARD = gnu11;
				GCC_DYNAMIC_NO_PIC = NO;
				GCC_NO_COMMON_BLOCKS = YES;
				GCC_OPTIMIZATION_LEVEL = 0;
				GCC_PREPROCESSOR_DEFINITIONS = (
					"DEBUG=1",
					"$(inherited)",
				);
				GCC_WARN_64_TO_32_BIT_CONVERSION = YES;
				GCC_WARN_ABOUT_RETURN_TYPE = YES_ERROR;
				GCC_WARN_UNDECLARED_SELECTOR = YES;
				GCC_WARN_UNINITIALIZED_AUTOS = YES_AGGRESSIVE;
				GCC_WARN_UNUSED_FUNCTION = YES;
				GCC_WARN_UNUSED_VARIABLE = YES;
				IPHONEOS_DEPLOYMENT_TARGET = 12.0;
				MTL_ENABLE_DEBUG_INFO = INCLUDE_SOURCE;
				MTL_FAST_MATH = YES;
				ONLY_ACTIVE_ARCH = YES;
				SDKROOT = iphoneos;
				SWIFT_ACTIVE_COMPILATION_CONDITIONS = DEBUG;
				SWIFT_OPTIMIZATION_LEVEL = "-Onone";
			};
			name = Debug;
		};
		B62DFDB72181C0AF002F70C1 /* Release */ = {
			isa = XCBuildConfiguration;
			buildSettings = {
				ALWAYS_SEARCH_USER_PATHS = NO;
				CLANG_ANALYZER_NONNULL = YES;
				CLANG_ANALYZER_NUMBER_OBJECT_CONVERSION = YES_AGGRESSIVE;
				CLANG_CXX_LANGUAGE_STANDARD = "gnu++14";
				CLANG_CXX_LIBRARY = "libc++";
				CLANG_ENABLE_MODULES = YES;
				CLANG_ENABLE_OBJC_ARC = YES;
				CLANG_ENABLE_OBJC_WEAK = YES;
				CLANG_WARN_BLOCK_CAPTURE_AUTORELEASING = YES;
				CLANG_WARN_BOOL_CONVERSION = YES;
				CLANG_WARN_COMMA = YES;
				CLANG_WARN_CONSTANT_CONVERSION = YES;
				CLANG_WARN_DEPRECATED_OBJC_IMPLEMENTATIONS = YES;
				CLANG_WARN_DIRECT_OBJC_ISA_USAGE = YES_ERROR;
				CLANG_WARN_DOCUMENTATION_COMMENTS = YES;
				CLANG_WARN_EMPTY_BODY = YES;
				CLANG_WARN_ENUM_CONVERSION = YES;
				CLANG_WARN_INFINITE_RECURSION = YES;
				CLANG_WARN_INT_CONVERSION = YES;
				CLANG_WARN_NON_LITERAL_NULL_CONVERSION = YES;
				CLANG_WARN_OBJC_IMPLICIT_RETAIN_SELF = YES;
				CLANG_WARN_OBJC_LITERAL_CONVERSION = YES;
				CLANG_WARN_OBJC_ROOT_CLASS = YES_ERROR;
				CLANG_WARN_RANGE_LOOP_ANALYSIS = YES;
				CLANG_WARN_STRICT_PROTOTYPES = YES;
				CLANG_WARN_SUSPICIOUS_MOVE = YES;
				CLANG_WARN_UNGUARDED_AVAILABILITY = YES_AGGRESSIVE;
				CLANG_WARN_UNREACHABLE_CODE = YES;
				CLANG_WARN__DUPLICATE_METHOD_MATCH = YES;
				CODE_SIGN_IDENTITY = "iPhone Developer";
				COPY_PHASE_STRIP = NO;
				DEBUG_INFORMATION_FORMAT = "dwarf-with-dsym";
				ENABLE_NS_ASSERTIONS = NO;
				ENABLE_STRICT_OBJC_MSGSEND = YES;
				GCC_C_LANGUAGE_STANDARD = gnu11;
				GCC_NO_COMMON_BLOCKS = YES;
				GCC_WARN_64_TO_32_BIT_CONVERSION = YES;
				GCC_WARN_ABOUT_RETURN_TYPE = YES_ERROR;
				GCC_WARN_UNDECLARED_SELECTOR = YES;
				GCC_WARN_UNINITIALIZED_AUTOS = YES_AGGRESSIVE;
				GCC_WARN_UNUSED_FUNCTION = YES;
				GCC_WARN_UNUSED_VARIABLE = YES;
				IPHONEOS_DEPLOYMENT_TARGET = 12.0;
				MTL_ENABLE_DEBUG_INFO = NO;
				MTL_FAST_MATH = YES;
				SDKROOT = iphoneos;
				SWIFT_COMPILATION_MODE = wholemodule;
				SWIFT_OPTIMIZATION_LEVEL = "-O";
				VALIDATE_PRODUCT = YES;
			};
			name = Release;
		};
		B62DFDB92181C0AF002F70C1 /* Debug */ = {
			isa = XCBuildConfiguration;
			baseConfigurationReference = A13B6ACFBE4BD1E281454D74 /* Pods-TempApp.debug.xcconfig */;
			buildSettings = {
				ASSETCATALOG_COMPILER_APPICON_NAME = AppIcon;
				CODE_SIGN_STYLE = Automatic;
				DEVELOPMENT_TEAM = WS28MRTTJ7;
				INFOPLIST_FILE = TempApp/Info.plist;
				LD_RUNPATH_SEARCH_PATHS = (
					"$(inherited)",
					"@executable_path/Frameworks",
				);
				PRODUCT_BUNDLE_IDENTIFIER = akezhan.mussa.TempApp;
				PRODUCT_NAME = "$(TARGET_NAME)";
				SWIFT_VERSION = 4.2;
				TARGETED_DEVICE_FAMILY = "1,2";
			};
			name = Debug;
		};
		B62DFDBA2181C0AF002F70C1 /* Release */ = {
			isa = XCBuildConfiguration;
			baseConfigurationReference = 319C992A8D92823409C952C2 /* Pods-TempApp.release.xcconfig */;
			buildSettings = {
				ASSETCATALOG_COMPILER_APPICON_NAME = AppIcon;
				CODE_SIGN_STYLE = Automatic;
				DEVELOPMENT_TEAM = WS28MRTTJ7;
				INFOPLIST_FILE = TempApp/Info.plist;
				LD_RUNPATH_SEARCH_PATHS = (
					"$(inherited)",
					"@executable_path/Frameworks",
				);
				PRODUCT_BUNDLE_IDENTIFIER = akezhan.mussa.TempApp;
				PRODUCT_NAME = "$(TARGET_NAME)";
				SWIFT_VERSION = 4.2;
				TARGETED_DEVICE_FAMILY = "1,2";
			};
			name = Release;
		};
		B62DFDBC2181C0AF002F70C1 /* Debug */ = {
			isa = XCBuildConfiguration;
			baseConfigurationReference = 605C6979898A26A84F3A2DA8 /* Pods-TempAppTests.debug.xcconfig */;
			buildSettings = {
				ALWAYS_EMBED_SWIFT_STANDARD_LIBRARIES = YES;
				BUNDLE_LOADER = "$(TEST_HOST)";
				CODE_SIGN_STYLE = Automatic;
				DEVELOPMENT_TEAM = WS28MRTTJ7;
				INFOPLIST_FILE = TempAppTests/Info.plist;
				LD_RUNPATH_SEARCH_PATHS = (
					"$(inherited)",
					"@executable_path/Frameworks",
					"@loader_path/Frameworks",
				);
				PRODUCT_BUNDLE_IDENTIFIER = akezhan.mussa.TempAppTests;
				PRODUCT_NAME = "$(TARGET_NAME)";
				SWIFT_VERSION = 4.2;
				TARGETED_DEVICE_FAMILY = "1,2";
				TEST_HOST = "$(BUILT_PRODUCTS_DIR)/TempApp.app/TempApp";
			};
			name = Debug;
		};
		B62DFDBD2181C0AF002F70C1 /* Release */ = {
			isa = XCBuildConfiguration;
			baseConfigurationReference = 29ACF9F060AF524F13B34ABE /* Pods-TempAppTests.release.xcconfig */;
			buildSettings = {
				ALWAYS_EMBED_SWIFT_STANDARD_LIBRARIES = YES;
				BUNDLE_LOADER = "$(TEST_HOST)";
				CODE_SIGN_STYLE = Automatic;
				DEVELOPMENT_TEAM = WS28MRTTJ7;
				INFOPLIST_FILE = TempAppTests/Info.plist;
				LD_RUNPATH_SEARCH_PATHS = (
					"$(inherited)",
					"@executable_path/Frameworks",
					"@loader_path/Frameworks",
				);
				PRODUCT_BUNDLE_IDENTIFIER = akezhan.mussa.TempAppTests;
				PRODUCT_NAME = "$(TARGET_NAME)";
				SWIFT_VERSION = 4.2;
				TARGETED_DEVICE_FAMILY = "1,2";
				TEST_HOST = "$(BUILT_PRODUCTS_DIR)/TempApp.app/TempApp";
			};
			name = Release;
		};
		B62DFDBF2181C0AF002F70C1 /* Debug */ = {
			isa = XCBuildConfiguration;
			baseConfigurationReference = 2DC852F66EFD1912B44AE3CD /* Pods-TempAppUITests.debug.xcconfig */;
			buildSettings = {
				ALWAYS_EMBED_SWIFT_STANDARD_LIBRARIES = YES;
				CODE_SIGN_STYLE = Automatic;
				DEVELOPMENT_TEAM = WS28MRTTJ7;
				INFOPLIST_FILE = TempAppUITests/Info.plist;
				LD_RUNPATH_SEARCH_PATHS = (
					"$(inherited)",
					"@executable_path/Frameworks",
					"@loader_path/Frameworks",
				);
				PRODUCT_BUNDLE_IDENTIFIER = akezhan.mussa.TempAppUITests;
				PRODUCT_NAME = "$(TARGET_NAME)";
				SWIFT_VERSION = 4.2;
				TARGETED_DEVICE_FAMILY = "1,2";
				TEST_TARGET_NAME = TempApp;
			};
			name = Debug;
		};
		B62DFDC02181C0AF002F70C1 /* Release */ = {
			isa = XCBuildConfiguration;
			baseConfigurationReference = A06CD61BBBDEA397D9383EC8 /* Pods-TempAppUITests.release.xcconfig */;
			buildSettings = {
				ALWAYS_EMBED_SWIFT_STANDARD_LIBRARIES = YES;
				CODE_SIGN_STYLE = Automatic;
				DEVELOPMENT_TEAM = WS28MRTTJ7;
				INFOPLIST_FILE = TempAppUITests/Info.plist;
				LD_RUNPATH_SEARCH_PATHS = (
					"$(inherited)",
					"@executable_path/Frameworks",
					"@loader_path/Frameworks",
				);
				PRODUCT_BUNDLE_IDENTIFIER = akezhan.mussa.TempAppUITests;
				PRODUCT_NAME = "$(TARGET_NAME)";
				SWIFT_VERSION = 4.2;
				TARGETED_DEVICE_FAMILY = "1,2";
				TEST_TARGET_NAME = TempApp;
			};
			name = Release;
		};
/* End XCBuildConfiguration section */

/* Begin XCConfigurationList section */
		B62DFD8B2181C0AE002F70C1 /* Build configuration list for PBXProject "TempApp" */ = {
			isa = XCConfigurationList;
			buildConfigurations = (
				B62DFDB62181C0AF002F70C1 /* Debug */,
				B62DFDB72181C0AF002F70C1 /* Release */,
			);
			defaultConfigurationIsVisible = 0;
			defaultConfigurationName = Release;
		};
		B62DFDB82181C0AF002F70C1 /* Build configuration list for PBXNativeTarget "TempApp" */ = {
			isa = XCConfigurationList;
			buildConfigurations = (
				B62DFDB92181C0AF002F70C1 /* Debug */,
				B62DFDBA2181C0AF002F70C1 /* Release */,
			);
			defaultConfigurationIsVisible = 0;
			defaultConfigurationName = Release;
		};
		B62DFDBB2181C0AF002F70C1 /* Build configuration list for PBXNativeTarget "TempAppTests" */ = {
			isa = XCConfigurationList;
			buildConfigurations = (
				B62DFDBC2181C0AF002F70C1 /* Debug */,
				B62DFDBD2181C0AF002F70C1 /* Release */,
			);
			defaultConfigurationIsVisible = 0;
			defaultConfigurationName = Release;
		};
		B62DFDBE2181C0AF002F70C1 /* Build configuration list for PBXNativeTarget "TempAppUITests" */ = {
			isa = XCConfigurationList;
			buildConfigurations = (
				B62DFDBF2181C0AF002F70C1 /* Debug */,
				B62DFDC02181C0AF002F70C1 /* Release */,
			);
			defaultConfigurationIsVisible = 0;
			defaultConfigurationName = Release;
		};
/* End XCConfigurationList section */
	};
	rootObject = B62DFD882181C0AE002F70C1 /* Project object */;
}
